{
  "name": "CourseHub",
  "lockfileVersion": 3,
  "requires": true,
  "packages": {
    "": {
      "name": "CourseHub",
      "workspaces": [
        "apps/*",
        "packages/*"
      ],
      "devDependencies": {
        "prettier": "^3.7.4",
        "turbo": "^2.10.0",
        "typescript": "5.9.2"
      },
      "engines": {
        "node": ">=18"
      }
    },
    "apps/backend": {
      "dependencies": {
        "@types/cors": "^2.8.19",
        "@types/express": "^5.0.6",
        "cors": "^2.8.6",
        "express": "^5.2.1"
      },
      "devDependencies": {
        "@types/bun": "latest"
      },
      "peerDependencies": {
        "typescript": "^5"
      }
    },
    "apps/backend/node_modules/@types/cors": {},
    "apps/backend/node_modules/@types/express": {},
    "apps/backend/node_modules/cors": {},
    "apps/backend/node_modules/express": {},
    "apps/backend/node_modules/typescript": {
      "peer": true
    },
    "node_modules/.bun/@types+bun@1.3.14": {
      "extraneous": true
    },
    "node_modules/@repo/eslint-config": {
      "resolved": "packages/eslint-config",
      "link": true
    },
    "node_modules/@repo/typescript-config": {
      "resolved": "packages/typescript-config",
      "link": true
    },
    "node_modules/@repo/ui": {
      "resolved": "packages/ui",
      "link": true
    },
    "node_modules/@turbo/darwin-64": {
      "version": "2.10.2",
      "resolved": "https://registry.npmjs.org/@turbo/darwin-64/-/darwin-64-2.10.2.tgz",
      "integrity": "sha512-wBM3ObqOWnKUDmg7QfUFDkDHPFUAJmrYlYqmEM8jMPAPA/I6wRJIbWimeQUqhOiQ8xPKhzyWM+xaiUP0wz8FEQ==",
      "cpu": [
        "x64"
      ],
      "dev": true,
      "license": "MIT",
      "optional": true,
      "os": [
        "darwin"
      ]
    },
    "node_modules/@turbo/darwin-arm64": {
      "version": "2.10.2",
      "resolved": "https://registry.npmjs.org/@turbo/darwin-arm64/-/darwin-arm64-2.10.2.tgz",
      "integrity": "sha512-/Cq0joWnuMjDPfhjbFP4sv+C/7gkQ415zlaO4XUzD5EZxbtrKgXKvuuydMvogG8GeUnN1aDltW71RlmEfpjbyw==",
      "cpu": [
        "arm64"
      ],
      "dev": true,
      "license": "MIT",
      "optional": true,
      "os": [
        "darwin"
      ]
    },
    "node_modules/@turbo/linux-64": {
      "version": "2.10.2",
      "resolved": "https://registry.npmjs.org/@turbo/linux-64/-/linux-64-2.10.2.tgz",
      "integrity": "sha512-mMsf5IIhiKuceEXNstd25IbadjBXZ0amxzFOqliEzJX6HyeeHdBQPVSY583PWqYDyqM/FB8d5ZjkthfBSeuH3Q==",
      "cpu": [
        "x64"
      ],
      "dev": true,
      "license": "MIT",
      "optional": true,
      "os": [
        "linux"
      ]
    },
    "node_modules/@turbo/linux-arm64": {
      "version": "2.10.2",
      "resolved": "https://registry.npmjs.org/@turbo/linux-arm64/-/linux-arm64-2.10.2.tgz",
      "integrity": "sha512-Wcng1i2kaKmXutmwxT9MUoYZvdaIekXAdlGr4+0TpgbhGLw7nDuEcRBFrxb5BbRoX1d1q8SpdRxLc45TvDZIdQ==",
      "cpu": [
        "arm64"
      ],
      "dev": true,
      "license": "MIT",
      "optional": true,
      "os": [
        "linux"
      ]
    },
    "node_modules/@turbo/windows-64": {
      "version": "2.10.2",
      "resolved": "https://registry.npmjs.org/@turbo/windows-64/-/windows-64-2.10.2.tgz",
      "integrity": "sha512-SsNhM7Ho7EpAdwtrJKBOic9Hso23vu6Dp0gAfLOvUFjPzurr/sGQlXZEvr6z89ne4RDOypTwz5CBDrixpMKtXw==",
      "cpu": [
        "x64"
      ],
      "dev": true,
      "license": "MIT",
      "optional": true,
      "os": [
        "win32"
      ]
    },
    "node_modules/@turbo/windows-arm64": {
      "version": "2.10.2",
      "resolved": "https://registry.npmjs.org/@turbo/windows-arm64/-/windows-arm64-2.10.2.tgz",
      "integrity": "sha512-Gf+S7ICAdimT/n02bOuVWKvhHnct/HYjZg3oBNIz5hZ9ZyWHbQim9J3P5Qip8WpX0ksxF7eaBVziJCuLnjhqDg==",
      "cpu": [
        "arm64"
      ],
      "dev": true,
      "license": "MIT",
      "optional": true,
      "os": [
        "win32"
      ]
    },
    "node_modules/@types/bun": {
      "version": "1.3.14",
      "resolved": "https://registry.npmjs.org/@types/bun/-/bun-1.3.14.tgz",
      "integrity": "sha512-h1hFqFVcvAvD9j9K7ZW7vd82aSA+rTdznZa+5bwvCwqSB1jmmfLcbIWhOLx1/+boy/xmjgCs/OMUL8hRJSmnPw==",
      "dev": true,
      "license": "MIT",
      "dependencies": {
        "bun-types": "1.3.14"
      }
    },
    "node_modules/@types/node": {
      "version": "22.20.0",
      "resolved": "https://registry.npmjs.org/@types/node/-/node-22.20.0.tgz",
      "integrity": "sha512-QWlFW2wf3nTjC13/DqRnBpR4ZO36VJH/JVBkA/vcnmbTBNQIlnObqyqZE1tUR7+Ni23Lda8R1BxMfbXRpCUx5g==",
      "dev": true,
      "license": "MIT",
      "dependencies": {
        "undici-types": "~6.21.0"
      }
    },
    "node_modules/backend": {
      "resolved": "apps/backend",
      "link": true
    },
    "node_modules/bun-types": {
      "version": "1.3.14",
      "resolved": "https://registry.npmjs.org/bun-types/-/bun-types-1.3.14.tgz",
      "integrity": "sha512-4N0ig0fEomHt5R0KCFWjovxow98rIoRwKolrYdCcknNwMekCXRnWEUvgu5soYV8QXtVsrUD8B95MBOZGPvr6KQ==",
      "dev": true,
      "license": "MIT",
      "dependencies": {
        "@types/node": "*"
      }
    },
    "node_modules/prettier": {
      "version": "3.9.4",
      "resolved": "https://registry.npmjs.org/prettier/-/prettier-3.9.4.tgz",
      "integrity": "sha512-yWG/o/4oJfo036EKAfK6ACAoDOfHeRHx4tuxkfBZiauURiaSmYwlpOr5LQqKtIkRD2z1PLteme2WoxEnj4tHTg==",
      "dev": true,
      "license": "MIT",
      "bin": {
        "prettier": "bin/prettier.cjs"
      },
      "engines": {
        "node": ">=14"
      },
      "funding": {
        "url": "https://github.com/prettier/prettier?sponsor=1"
      }
    },
    "node_modules/turbo": {
      "version": "2.10.2",
      "resolved": "https://registry.npmjs.org/turbo/-/turbo-2.10.2.tgz",
      "integrity": "sha512-wTExrNrRjB8qzIcg+ZLm0A3GFNLDsWNwdS/RBXB0FPrBDyzk3i96Yx+TxWZC7a0k1SIreFB8ciUbxjmEqTH8IQ==",
      "dev": true,
      "license": "MIT",
      "bin": {
        "turbo": "bin/turbo"
      },
      "optionalDependencies": {
        "@turbo/darwin-64": "2.10.2",
        "@turbo/darwin-arm64": "2.10.2",
        "@turbo/linux-64": "2.10.2",
        "@turbo/linux-arm64": "2.10.2",
        "@turbo/windows-64": "2.10.2",
        "@turbo/windows-arm64": "2.10.2"
      }
    },
    "node_modules/typescript": {
      "version": "5.9.2",
      "resolved": "https://registry.npmjs.org/typescript/-/typescript-5.9.2.tgz",
      "integrity": "sha512-CWBzXQrc/qOkhidw1OzBTQuYRbfyxDXJMVJ1XNwUHGROVmuaeiEm3OslpZ1RV96d7SKKjZKrSJu3+t/xlw3R9A==",
      "dev": true,
      "license": "Apache-2.0",
      "bin": {
        "tsc": "bin/tsc",
        "tsserver": "bin/tsserver"
      },
      "engines": {
        "node": ">=14.17"
      }
    },
    "node_modules/undici-types": {
      "version": "6.21.0",
      "resolved": "https://registry.npmjs.org/undici-types/-/undici-types-6.21.0.tgz",
      "integrity": "sha512-iwDZqg0QAGrg9Rav5H4n0M64c3mkR59cJ6wQp+7C4nI0gsmExaedaYLNO44eT4AtBBwjbTiGPMlt2Md0T9H9JQ==",
      "dev": true,
      "license": "MIT"
    },
    "packages/eslint-config": {
      "name": "@repo/eslint-config",
      "version": "0.0.0",
      "devDependencies": {
        "@eslint/js": "^9.39.1",
        "@next/eslint-plugin-next": "^16.2.0",
        "eslint": "^9.39.1",
        "eslint-config-prettier": "^10.1.1",
        "eslint-plugin-only-warn": "^1.1.0",
        "eslint-plugin-react": "^7.37.5",
        "eslint-plugin-react-hooks": "^5.2.0",
        "eslint-plugin-turbo": "^2.7.1",
        "globals": "^16.5.0",
        "typescript": "^5.9.2",
        "typescript-eslint": "^8.50.0"
      }
    },
    "packages/eslint-config/node_modules/@eslint/js": {
      "dev": true
    },
    "packages/eslint-config/node_modules/@next/eslint-plugin-next": {
      "dev": true
    },
    "packages/eslint-config/node_modules/eslint": {
      "dev": true
    },
    "packages/eslint-config/node_modules/eslint-config-prettier": {
      "dev": true
    },
    "packages/eslint-config/node_modules/eslint-plugin-only-warn": {
      "dev": true
    },
    "packages/eslint-config/node_modules/eslint-plugin-react": {
      "dev": true
    },
    "packages/eslint-config/node_modules/eslint-plugin-react-hooks": {
      "dev": true
    },
    "packages/eslint-config/node_modules/eslint-plugin-turbo": {
      "dev": true
    },
    "packages/eslint-config/node_modules/globals": {
      "dev": true
    },
    "packages/eslint-config/node_modules/typescript": {
      "dev": true
    },
    "packages/eslint-config/node_modules/typescript-eslint": {
      "dev": true
    },
    "packages/typescript-config": {
      "name": "@repo/typescript-config",
      "version": "0.0.0",
      "license": "MIT"
    },
    "packages/ui": {
      "name": "@repo/ui",
      "version": "0.0.0",
      "dependencies": {
        "react": "^19.2.0",
        "react-dom": "^19.2.0"
      },
      "devDependencies": {
        "@repo/eslint-config": "*",
        "@repo/typescript-config": "*",
        "@types/node": "^22.15.3",
        "@types/react": "19.2.2",
        "@types/react-dom": "19.2.2",
        "eslint": "^9.39.1",
        "typescript": "5.9.2"
      }
    },
    "packages/ui/node_modules/@types/node": {
      "dev": true
    },
    "packages/ui/node_modules/@types/react": {
      "dev": true
    },
    "packages/ui/node_modules/@types/react-dom": {
      "dev": true
    },
    "packages/ui/node_modules/eslint": {
      "dev": true
    },
    "packages/ui/node_modules/react": {},
    "packages/ui/node_modules/react-dom": {},
    "packages/ui/node_modules/typescript": {
      "dev": true
    }
  }
}
